// !$*UTF8*$!
{
	archiveVersion = 1;
	classes = {
	};
	objectVersion = 77;
	objects = {

/* Begin PBXBuildFile section */
		03E9AE9711359831330F6F6F /* PlayerGameAppearance.swift in Sources */ = {isa = PBXBuildFile; fileRef = 85DDE7880F77FA0168A6C192 /* PlayerGameAppearance.swift */; };
		14E96D18DB095FA021AEC497 /* GameEditViewModel.swift in Sources */ = {isa = PBXBuildFile; fileRef = 94C6684CE4807D8559F12DC4 /* GameEditViewModel.swift */; };
		173AF60EFB487836DFA922CB /* AvailabilityViewModelTests.swift in Sources */ = {isa = PBXBuildFile; fileRef = F150EF1C56B882134E98E8C5 /* AvailabilityViewModelTests.swift */; };
		19DB42375C6BBDC58260FF8F /* PlayerEditView.swift in Sources */ = {isa = PBXBuildFile; fileRef = 05C52EF62F6BD779CE5E8A05 /* PlayerEditView.swift */; };
		279AB7D14CC4F433785AE777 /* Team.swift in Sources */ = {isa = PBXBuildFile; fileRef = C75CE6475E55B332A490D216 /* Team.swift */; };
		2E88D4F8E264D0C6B4B0408D /* GameEditView.swift in Sources */ = {isa = PBXBuildFile; fileRef = EACBF88D81CF4803254A1142 /* GameEditView.swift */; };
		3FB62DD9546706139A14FBFA /* AvailabilityView.swift in Sources */ = {isa = PBXBuildFile; fileRef = 1E994689EC85B42D7A7DDDE6 /* AvailabilityView.swift */; };
		416B25215E0D075B06D95FE8 /* SoccerSubApp.swift in Sources */ = {isa = PBXBuildFile; fileRef = D73357AF64D39DBDC963AFA8 /* SoccerSubApp.swift */; };
		43D045E3D7A736D9E0538BA9 /* ModelRelationshipTests.swift in Sources */ = {isa = PBXBuildFile; fileRef = 21ACCE67852E17959EB91A0B /* ModelRelationshipTests.swift */; };
		4F3F95DC8E9A8A5F81FB9DD0 /* Player.swift in Sources */ = {isa = PBXBuildFile; fileRef = 18ED4E4D5C128831F90AC88A /* Player.swift */; };
		53BD37EB4BBDE34D795CC1E6 /* ModelRoundTripTests.swift in Sources */ = {isa = PBXBuildFile; fileRef = C4493A198B9BCE2719FFAD6E /* ModelRoundTripTests.swift */; };
		574E7D7F8CDF134845956F96 /* ThemeManagerTests.swift in Sources */ = {isa = PBXBuildFile; fileRef = 6E5A2854ABCAEB8766936763 /* ThemeManagerTests.swift */; };
		5D69E8EE15027EB8C4637D29 /* AppTheme.swift in Sources */ = {isa = PBXBuildFile; fileRef = 9C89DBB8D683518010AEA968 /* AppTheme.swift */; };
		5F8F3482C8E9CC1B97B51B88 /* Availability.swift in Sources */ = {isa = PBXBuildFile; fileRef = 54DD49191BA9EB30B54D83E1 /* Availability.swift */; };
		647FEDBFFE13162AC2237610 /* AvailabilityViewModel.swift in Sources */ = {isa = PBXBuildFile; fileRef = 9769D984B2A60ABEFD2738B1 /* AvailabilityViewModel.swift */; };
		668E6FCEA0ACD35A8AD35102 /* ThemePlaceholder.swift in Sources */ = {isa = PBXBuildFile; fileRef = B4B1396DDF1296403D314929 /* ThemePlaceholder.swift */; };
		6880AFC19450FC13B6C53B2B /* TeamSetupViewModelTests.swift in Sources */ = {isa = PBXBuildFile; fileRef = 4097BBE088B1C9A14C4C65A2 /* TeamSetupViewModelTests.swift */; };
		78AD6D9969BE208BB2AAA2D7 /* ContentView.swift in Sources */ = {isa = PBXBuildFile; fileRef = 335131850AD3ACAD8A16907B /* ContentView.swift */; };
		840AB0E792313F5BFCDC085D /* LiveGamePlaceholderView.swift in Sources */ = {isa = PBXBuildFile; fileRef = 6CD5F59F032FBAA6E706EE96 /* LiveGamePlaceholderView.swift */; };
		8972DA6AEC73D73ECDB095E5 /* GameStartLogic.swift in Sources */ = {isa = PBXBuildFile; fileRef = 9547BAB93EB0FB978A595E6F /* GameStartLogic.swift */; };
		8F0F497BB0DFAEE2913892B8 /* ViewModelsPlaceholder.swift in Sources */ = {isa = PBXBuildFile; fileRef = FF407FF0300DDDC1022F9513 /* ViewModelsPlaceholder.swift */; };
		94939282209969175D3D4BC1 /* Game.swift in Sources */ = {isa = PBXBuildFile; fileRef = 85394FF409B59C3F5A21DB2A /* Game.swift */; };
		A39A96BB2BCD2D1F25DB2DD9 /* PlayerEditViewModel.swift in Sources */ = {isa = PBXBuildFile; fileRef = C060B36E1D4B1C5C5BF08D22 /* PlayerEditViewModel.swift */; };
		A3E2667F896E5D8B83B85513 /* PlayerEditViewModelTests.swift in Sources */ = {isa = PBXBuildFile; fileRef = C530768C4898297F87AEE1DB /* PlayerEditViewModelTests.swift */; };
		A4E9480988B026B3C013CA70 /* TeamSetupView.swift in Sources */ = {isa = PBXBuildFile; fileRef = BFFA318D9E159654DA121845 /* TeamSetupView.swift */; };
		B012D870A13813B5C11E1FC7 /* GameEditViewModelTests.swift in Sources */ = {isa = PBXBuildFile; fileRef = 18BE5401F22E7BD41ECA8633 /* GameEditViewModelTests.swift */; };
		B09582480458368DFA506D2A /* ThemeManager.swift in Sources */ = {isa = PBXBuildFile; fileRef = 5886D0E53442435F56AC5EDA /* ThemeManager.swift */; };
		B8DD200D3BBB7A73F7A472E6 /* TimeFormatting.swift in Sources */ = {isa = PBXBuildFile; fileRef = 7466F2158FC088A4D8E33DF6 /* TimeFormatting.swift */; };
		C41D7CD863061BB47F93C5B7 /* LogicPlaceholder.swift in Sources */ = {isa = PBXBuildFile; fileRef = 90F02D3355CD93B585DF5539 /* LogicPlaceholder.swift */; };
		C41E7E78B857A0F9270AB3B1 /* TeamSetupViewModel.swift in Sources */ = {isa = PBXBuildFile; fileRef = 60D336840AFDABAFCEA5DD34 /* TeamSetupViewModel.swift */; };
		C4341818BBDDDB4EFDCE077F /* AgeGroupDefaults.swift in Sources */ = {isa = PBXBuildFile; fileRef = 451C3A4FA8363F631C06C114 /* AgeGroupDefaults.swift */; };
		CF2CE7915A1A386ABA1DF935 /* GameSorting.swift in Sources */ = {isa = PBXBuildFile; fileRef = D8F39068AF8B51222ACE3602 /* GameSorting.swift */; };
		D1440F283E57A35A4599E43F /* TimeFormattingTests.swift in Sources */ = {isa = PBXBuildFile; fileRef = 1A7B806F0A43004062788719 /* TimeFormattingTests.swift */; };
		E51DD57134FE449DEF2061FA /* Enums.swift in Sources */ = {isa = PBXBuildFile; fileRef = 6101CFCD59E04116F5F6D991 /* Enums.swift */; };
		F0D824A2538C99D8C3A3A3F4 /* RosterView.swift in Sources */ = {isa = PBXBuildFile; fileRef = 9690ABDDC18FB5DD5A2A32FC /* RosterView.swift */; };
		F38730888F837E31EE60ECF8 /* AgeGroupDefaultsTests.swift in Sources */ = {isa = PBXBuildFile; fileRef = 0B7E0EFD879F8398158CEA01 /* AgeGroupDefaultsTests.swift */; };
		F5C672BAE151D9C0528C6422 /* GameManagementView.swift in Sources */ = {isa = PBXBuildFile; fileRef = 7D703AFFF7D0971FDC329286 /* GameManagementView.swift */; };
		FC380DD2EFD4BE221DC2AC3C /* ThemeManagementView.swift in Sources */ = {isa = PBXBuildFile; fileRef = 77BFBD17B5B54CA3300599A2 /* ThemeManagementView.swift */; };
/* End PBXBuildFile section */

/* Begin PBXContainerItemProxy section */
		124A091611D2558962FA6908 /* PBXContainerItemProxy */ = {
			isa = PBXContainerItemProxy;
			containerPortal = FFC3656E9486FB68ECA1476A /* Project object */;
			proxyType = 1;
			remoteGlobalIDString = CBC99C8B55E710E33067D76D;
			remoteInfo = SoccerSub;
		};
/* End PBXContainerItemProxy section */

/* Begin PBXFileReference section */
		05C52EF62F6BD779CE5E8A05 /* PlayerEditView.swift */ = {isa = PBXFileReference; lastKnownFileType = sourcecode.swift; path = PlayerEditView.swift; sourceTree = "<group>"; };
		0B7E0EFD879F8398158CEA01 /* AgeGroupDefaultsTests.swift */ = {isa = PBXFileReference; lastKnownFileType = sourcecode.swift; path = AgeGroupDefaultsTests.swift; sourceTree = "<group>"; };
		18BE5401F22E7BD41ECA8633 /* GameEditViewModelTests.swift */ = {isa = PBXFileReference; lastKnownFileType = sourcecode.swift; path = GameEditViewModelTests.swift; sourceTree = "<group>"; };
		18ED4E4D5C128831F90AC88A /* Player.swift */ = {isa = PBXFileReference; lastKnownFileType = sourcecode.swift; path = Player.swift; sourceTree = "<group>"; };
		1A7B806F0A43004062788719 /* TimeFormattingTests.swift */ = {isa = PBXFileReference; lastKnownFileType = sourcecode.swift; path = TimeFormattingTests.swift; sourceTree = "<group>"; };
		1E994689EC85B42D7A7DDDE6 /* AvailabilityView.swift */ = {isa = PBXFileReference; lastKnownFileType = sourcecode.swift; path = AvailabilityView.swift; sourceTree = "<group>"; };
		21ACCE67852E17959EB91A0B /* ModelRelationshipTests.swift */ = {isa = PBXFileReference; lastKnownFileType = sourcecode.swift; path = ModelRelationshipTests.swift; sourceTree = "<group>"; };
		335131850AD3ACAD8A16907B /* ContentView.swift */ = {isa = PBXFileReference; lastKnownFileType = sourcecode.swift; path = ContentView.swift; sourceTree = "<group>"; };
		4097BBE088B1C9A14C4C65A2 /* TeamSetupViewModelTests.swift */ = {isa = PBXFileReference; lastKnownFileType = sourcecode.swift; path = TeamSetupViewModelTests.swift; sourceTree = "<group>"; };
		451C3A4FA8363F631C06C114 /* AgeGroupDefaults.swift */ = {isa = PBXFileReference; lastKnownFileType = sourcecode.swift; path = AgeGroupDefaults.swift; sourceTree = "<group>"; };
		54DD49191BA9EB30B54D83E1 /* Availability.swift */ = {isa = PBXFileReference; lastKnownFileType = sourcecode.swift; path = Availability.swift; sourceTree = "<group>"; };
		5886D0E53442435F56AC5EDA /* ThemeManager.swift */ = {isa = PBXFileReference; lastKnownFileType = sourcecode.swift; path = ThemeManager.swift; sourceTree = "<group>"; };
		60D336840AFDABAFCEA5DD34 /* TeamSetupViewModel.swift */ = {isa = PBXFileReference; lastKnownFileType = sourcecode.swift; path = TeamSetupViewModel.swift; sourceTree = "<group>"; };
		6101CFCD59E04116F5F6D991 /* Enums.swift */ = {isa = PBXFileReference; lastKnownFileType = sourcecode.swift; path = Enums.swift; sourceTree = "<group>"; };
		6CD5F59F032FBAA6E706EE96 /* LiveGamePlaceholderView.swift */ = {isa = PBXFileReference; lastKnownFileType = sourcecode.swift; path = LiveGamePlaceholderView.swift; sourceTree = "<group>"; };
		6E5A2854ABCAEB8766936763 /* ThemeManagerTests.swift */ = {isa = PBXFileReference; lastKnownFileType = sourcecode.swift; path = ThemeManagerTests.swift; sourceTree = "<group>"; };
		7466F2158FC088A4D8E33DF6 /* TimeFormatting.swift */ = {isa = PBXFileReference; lastKnownFileType = sourcecode.swift; path = TimeFormatting.swift; sourceTree = "<group>"; };
		77BFBD17B5B54CA3300599A2 /* ThemeManagementView.swift */ = {isa = PBXFileReference; lastKnownFileType = sourcecode.swift; path = ThemeManagementView.swift; sourceTree = "<group>"; };
		7D703AFFF7D0971FDC329286 /* GameManagementView.swift */ = {isa = PBXFileReference; lastKnownFileType = sourcecode.swift; path = GameManagementView.swift; sourceTree = "<group>"; };
		85394FF409B59C3F5A21DB2A /* Game.swift */ = {isa = PBXFileReference; lastKnownFileType = sourcecode.swift; path = Game.swift; sourceTree = "<group>"; };
		85DDE7880F77FA0168A6C192 /* PlayerGameAppearance.swift */ = {isa = PBXFileReference; lastKnownFileType = sourcecode.swift; path = PlayerGameAppearance.swift; sourceTree = "<group>"; };
		8D94454FA9A9F0C5A7C986C5 /* SoccerSubTests.xctest */ = {isa = PBXFileReference; includeInIndex = 0; lastKnownFileType = wrapper.cfbundle; path = SoccerSubTests.xctest; sourceTree = BUILT_PRODUCTS_DIR; };
		90F02D3355CD93B585DF5539 /* LogicPlaceholder.swift */ = {isa = PBXFileReference; lastKnownFileType = sourcecode.swift; path = LogicPlaceholder.swift; sourceTree = "<group>"; };
		94C6684CE4807D8559F12DC4 /* GameEditViewModel.swift */ = {isa = PBXFileReference; lastKnownFileType = sourcecode.swift; path = GameEditViewModel.swift; sourceTree = "<group>"; };
		9547BAB93EB0FB978A595E6F /* GameStartLogic.swift */ = {isa = PBXFileReference; lastKnownFileType = sourcecode.swift; path = GameStartLogic.swift; sourceTree = "<group>"; };
		9690ABDDC18FB5DD5A2A32FC /* RosterView.swift */ = {isa = PBXFileReference; lastKnownFileType = sourcecode.swift; path = RosterView.swift; sourceTree = "<group>"; };
		9769D984B2A60ABEFD2738B1 /* AvailabilityViewModel.swift */ = {isa = PBXFileReference; lastKnownFileType = sourcecode.swift; path = AvailabilityViewModel.swift; sourceTree = "<group>"; };
		9C89DBB8D683518010AEA968 /* AppTheme.swift */ = {isa = PBXFileReference; lastKnownFileType = sourcecode.swift; path = AppTheme.swift; sourceTree = "<group>"; };
		B4B1396DDF1296403D314929 /* ThemePlaceholder.swift */ = {isa = PBXFileReference; lastKnownFileType = sourcecode.swift; path = ThemePlaceholder.swift; sourceTree = "<group>"; };
		BFFA318D9E159654DA121845 /* TeamSetupView.swift */ = {isa = PBXFileReference; lastKnownFileType = sourcecode.swift; path = TeamSetupView.swift; sourceTree = "<group>"; };
		C060B36E1D4B1C5C5BF08D22 /* PlayerEditViewModel.swift */ = {isa = PBXFileReference; lastKnownFileType = sourcecode.swift; path = PlayerEditViewModel.swift; sourceTree = "<group>"; };
		C4493A198B9BCE2719FFAD6E /* ModelRoundTripTests.swift */ = {isa = PBXFileReference; lastKnownFileType = sourcecode.swift; path = ModelRoundTripTests.swift; sourceTree = "<group>"; };
		C530768C4898297F87AEE1DB /* PlayerEditViewModelTests.swift */ = {isa = PBXFileReference; lastKnownFileType = sourcecode.swift; path = PlayerEditViewModelTests.swift; sourceTree = "<group>"; };
		C75CE6475E55B332A490D216 /* Team.swift */ = {isa = PBXFileReference; lastKnownFileType = sourcecode.swift; path = Team.swift; sourceTree = "<group>"; };
		D73357AF64D39DBDC963AFA8 /* SoccerSubApp.swift */ = {isa = PBXFileReference; lastKnownFileType = sourcecode.swift; path = SoccerSubApp.swift; sourceTree = "<group>"; };
		D8F39068AF8B51222ACE3602 /* GameSorting.swift */ = {isa = PBXFileReference; lastKnownFileType = sourcecode.swift; path = GameSorting.swift; sourceTree = "<group>"; };
		EACBF88D81CF4803254A1142 /* GameEditView.swift */ = {isa = PBXFileReference; lastKnownFileType = sourcecode.swift; path = GameEditView.swift; sourceTree = "<group>"; };
		F150EF1C56B882134E98E8C5 /* AvailabilityViewModelTests.swift */ = {isa = PBXFileReference; lastKnownFileType = sourcecode.swift; path = AvailabilityViewModelTests.swift; sourceTree = "<group>"; };
		FE5404C8C725021CC1F9700A /* SoccerSub.app */ = {isa = PBXFileReference; includeInIndex = 0; lastKnownFileType = wrapper.application; path = SoccerSub.app; sourceTree = BUILT_PRODUCTS_DIR; };
		FF407FF0300DDDC1022F9513 /* ViewModelsPlaceholder.swift */ = {isa = PBXFileReference; lastKnownFileType = sourcecode.swift; path = ViewModelsPlaceholder.swift; sourceTree = "<group>"; };
/* End PBXFileReference section */

/* Begin PBXGroup section */
		037535A3E2AFB93EE2AA6DD7 /* Tests */ = {
			isa = PBXGroup;
			children = (
				0B7E0EFD879F8398158CEA01 /* AgeGroupDefaultsTests.swift */,
				F150EF1C56B882134E98E8C5 /* AvailabilityViewModelTests.swift */,
				18BE5401F22E7BD41ECA8633 /* GameEditViewModelTests.swift */,
				21ACCE67852E17959EB91A0B /* ModelRelationshipTests.swift */,
				C4493A198B9BCE2719FFAD6E /* ModelRoundTripTests.swift */,
				C530768C4898297F87AEE1DB /* PlayerEditViewModelTests.swift */,
				4097BBE088B1C9A14C4C65A2 /* TeamSetupViewModelTests.swift */,
				6E5A2854ABCAEB8766936763 /* ThemeManagerTests.swift */,
				1A7B806F0A43004062788719 /* TimeFormattingTests.swift */,
			);
			path = Tests;
			sourceTree = "<group>";
		};
		3A4731979CB46379DDFAFA47 /* Logic */ = {
			isa = PBXGroup;
			children = (
				451C3A4FA8363F631C06C114 /* AgeGroupDefaults.swift */,
				9547BAB93EB0FB978A595E6F /* GameStartLogic.swift */,
				90F02D3355CD93B585DF5539 /* LogicPlaceholder.swift */,
				7466F2158FC088A4D8E33DF6 /* TimeFormatting.swift */,
			);
			path = Logic;
			sourceTree = "<group>";
		};
		5A393335D87DE4006B62ACC1 /* Products */ = {
			isa = PBXGroup;
			children = (
				FE5404C8C725021CC1F9700A /* SoccerSub.app */,
				8D94454FA9A9F0C5A7C986C5 /* SoccerSubTests.xctest */,
			);
			name = Products;
			sourceTree = "<group>";
		};
		840FBF6F807C5C317B006CC8 /* SoccerSub */ = {
			isa = PBXGroup;
			children = (
				D73357AF64D39DBDC963AFA8 /* SoccerSubApp.swift */,
				3A4731979CB46379DDFAFA47 /* Logic */,
				FB4E9AFFAE14121DC13F6726 /* Models */,
				037535A3E2AFB93EE2AA6DD7 /* Tests */,
				EADA3AFAE90C932BA9262772 /* Theme */,
				A930EB82AA682898E78EA74D /* ViewModels */,
				D634A1E5D4804B5ECF2358E3 /* Views */,
			);
			path = SoccerSub;
			sourceTree = "<group>";
		};
		A930EB82AA682898E78EA74D /* ViewModels */ = {
			isa = PBXGroup;
			children = (
				9769D984B2A60ABEFD2738B1 /* AvailabilityViewModel.swift */,
				94C6684CE4807D8559F12DC4 /* GameEditViewModel.swift */,
				D8F39068AF8B51222ACE3602 /* GameSorting.swift */,
				C060B36E1D4B1C5C5BF08D22 /* PlayerEditViewModel.swift */,
				60D336840AFDABAFCEA5DD34 /* TeamSetupViewModel.swift */,
				FF407FF0300DDDC1022F9513 /* ViewModelsPlaceholder.swift */,
			);
			path = ViewModels;
			sourceTree = "<group>";
		};
		C7118070ADC306007E016E85 = {
			isa = PBXGroup;
			children = (
				840FBF6F807C5C317B006CC8 /* SoccerSub */,
				5A393335D87DE4006B62ACC1 /* Products */,
			);
			sourceTree = "<group>";
		};
		D634A1E5D4804B5ECF2358E3 /* Views */ = {
			isa = PBXGroup;
			children = (
				1E994689EC85B42D7A7DDDE6 /* AvailabilityView.swift */,
				335131850AD3ACAD8A16907B /* ContentView.swift */,
				EACBF88D81CF4803254A1142 /* GameEditView.swift */,
				7D703AFFF7D0971FDC329286 /* GameManagementView.swift */,
				6CD5F59F032FBAA6E706EE96 /* LiveGamePlaceholderView.swift */,
				05C52EF62F6BD779CE5E8A05 /* PlayerEditView.swift */,
				9690ABDDC18FB5DD5A2A32FC /* RosterView.swift */,
				BFFA318D9E159654DA121845 /* TeamSetupView.swift */,
				77BFBD17B5B54CA3300599A2 /* ThemeManagementView.swift */,
			);
			path = Views;
			sourceTree = "<group>";
		};
		EADA3AFAE90C932BA9262772 /* Theme */ = {
			isa = PBXGroup;
			children = (
				9C89DBB8D683518010AEA968 /* AppTheme.swift */,
				5886D0E53442435F56AC5EDA /* ThemeManager.swift */,
				B4B1396DDF1296403D314929 /* ThemePlaceholder.swift */,
			);
			path = Theme;
			sourceTree = "<group>";
		};
		FB4E9AFFAE14121DC13F6726 /* Models */ = {
			isa = PBXGroup;
			children = (
				54DD49191BA9EB30B54D83E1 /* Availability.swift */,
				6101CFCD59E04116F5F6D991 /* Enums.swift */,
				85394FF409B59C3F5A21DB2A /* Game.swift */,
				18ED4E4D5C128831F90AC88A /* Player.swift */,
				85DDE7880F77FA0168A6C192 /* PlayerGameAppearance.swift */,
				C75CE6475E55B332A490D216 /* Team.swift */,
			);
			path = Models;
			sourceTree = "<group>";
		};
/* End PBXGroup section */

/* Begin PBXNativeTarget section */
		35EC84DA1CAB4B2E475F971F /* SoccerSubTests */ = {
			isa = PBXNativeTarget;
			buildConfigurationList = 04A749D6455F283A3E65EFC8 /* Build configuration list for PBXNativeTarget "SoccerSubTests" */;
			buildPhases = (
				38A9F009034A9CB11FC31606 /* Sources */,
			);
			buildRules = (
			);
			dependencies = (
				257D0611CC7D64B8F0B6E97F /* PBXTargetDependency */,
			);
			name = SoccerSubTests;
			packageProductDependencies = (
			);
			productName = SoccerSubTests;
			productReference = 8D94454FA9A9F0C5A7C986C5 /* SoccerSubTests.xctest */;
			productType = "com.apple.product-type.bundle.unit-test";
		};
		CBC99C8B55E710E33067D76D /* SoccerSub */ = {
			isa = PBXNativeTarget;
			buildConfigurationList = 5D1BED8E5566D4DA1B09F5B7 /* Build configuration list for PBXNativeTarget "SoccerSub" */;
			buildPhases = (
				5520FC9F9E37839D3D9AFE96 /* Sources */,
			);
			buildRules = (
			);
			dependencies = (
			);
			name = SoccerSub;
			packageProductDependencies = (
			);
			productName = SoccerSub;
			productReference = FE5404C8C725021CC1F9700A /* SoccerSub.app */;
			productType = "com.apple.product-type.application";
		};
/* End PBXNativeTarget section */

/* Begin PBXProject section */
		FFC3656E9486FB68ECA1476A /* Project object */ = {
			isa = PBXProject;
			attributes = {
				BuildIndependentTargetsInParallel = YES;
				LastUpgradeCheck = 1430;
			};
			buildConfigurationList = 7EF3FA7901219C034F852CD5 /* Build configuration list for PBXProject "SoccerSub" */;
			compatibilityVersion = "Xcode 14.0";
			developmentRegion = en;
			hasScannedForEncodings = 0;
			knownRegions = (
				Base,
				en,
			);
			mainGroup = C7118070ADC306007E016E85;
			minimizedProjectReferenceProxies = 1;
			preferredProjectObjectVersion = 77;
			projectDirPath = "";
			projectRoot = "";
			targets = (
				CBC99C8B55E710E33067D76D /* SoccerSub */,
				35EC84DA1CAB4B2E475F971F /* SoccerSubTests */,
			);
		};
/* End PBXProject section */

/* Begin PBXSourcesBuildPhase section */
		38A9F009034A9CB11FC31606 /* Sources */ = {
			isa = PBXSourcesBuildPhase;
			buildActionMask = 2147483647;
			files = (
				F38730888F837E31EE60ECF8 /* AgeGroupDefaultsTests.swift in Sources */,
				173AF60EFB487836DFA922CB /* AvailabilityViewModelTests.swift in Sources */,
				B012D870A13813B5C11E1FC7 /* GameEditViewModelTests.swift in Sources */,
				43D045E3D7A736D9E0538BA9 /* ModelRelationshipTests.swift in Sources */,
				53BD37EB4BBDE34D795CC1E6 /* ModelRoundTripTests.swift in Sources */,
				A3E2667F896E5D8B83B85513 /* PlayerEditViewModelTests.swift in Sources */,
				6880AFC19450FC13B6C53B2B /* TeamSetupViewModelTests.swift in Sources */,
				574E7D7F8CDF134845956F96 /* ThemeManagerTests.swift in Sources */,
				D1440F283E57A35A4599E43F /* TimeFormattingTests.swift in Sources */,
			);
			runOnlyForDeploymentPostprocessing = 0;
		};
		5520FC9F9E37839D3D9AFE96 /* Sources */ = {
			isa = PBXSourcesBuildPhase;
			buildActionMask = 2147483647;
			files = (
				C4341818BBDDDB4EFDCE077F /* AgeGroupDefaults.swift in Sources */,
				5D69E8EE15027EB8C4637D29 /* AppTheme.swift in Sources */,
				5F8F3482C8E9CC1B97B51B88 /* Availability.swift in Sources */,
				3FB62DD9546706139A14FBFA /* AvailabilityView.swift in Sources */,
				647FEDBFFE13162AC2237610 /* AvailabilityViewModel.swift in Sources */,
				78AD6D9969BE208BB2AAA2D7 /* ContentView.swift in Sources */,
				E51DD57134FE449DEF2061FA /* Enums.swift in Sources */,
				94939282209969175D3D4BC1 /* Game.swift in Sources */,
				2E88D4F8E264D0C6B4B0408D /* GameEditView.swift in Sources */,
				14E96D18DB095FA021AEC497 /* GameEditViewModel.swift in Sources */,
				F5C672BAE151D9C0528C6422 /* GameManagementView.swift in Sources */,
				CF2CE7915A1A386ABA1DF935 /* GameSorting.swift in Sources */,
				8972DA6AEC73D73ECDB095E5 /* GameStartLogic.swift in Sources */,
				840AB0E792313F5BFCDC085D /* LiveGamePlaceholderView.swift in Sources */,
				C41D7CD863061BB47F93C5B7 /* LogicPlaceholder.swift in Sources */,
				4F3F95DC8E9A8A5F81FB9DD0 /* Player.swift in Sources */,
				19DB42375C6BBDC58260FF8F /* PlayerEditView.swift in Sources */,
				A39A96BB2BCD2D1F25DB2DD9 /* PlayerEditViewModel.swift in Sources */,
				03E9AE9711359831330F6F6F /* PlayerGameAppearance.swift in Sources */,
				F0D824A2538C99D8C3A3A3F4 /* RosterView.swift in Sources */,
				416B25215E0D075B06D95FE8 /* SoccerSubApp.swift in Sources */,
				279AB7D14CC4F433785AE777 /* Team.swift in Sources */,
				A4E9480988B026B3C013CA70 /* TeamSetupView.swift in Sources */,
				C41E7E78B857A0F9270AB3B1 /* TeamSetupViewModel.swift in Sources */,
				FC380DD2EFD4BE221DC2AC3C /* ThemeManagementView.swift in Sources */,
				B09582480458368DFA506D2A /* ThemeManager.swift in Sources */,
				668E6FCEA0ACD35A8AD35102 /* ThemePlaceholder.swift in Sources */,
				B8DD200D3BBB7A73F7A472E6 /* TimeFormatting.swift in Sources */,
				8F0F497BB0DFAEE2913892B8 /* ViewModelsPlaceholder.swift in Sources */,
			);
			runOnlyForDeploymentPostprocessing = 0;
		};
/* End PBXSourcesBuildPhase section */

/* Begin PBXTargetDependency section */
		257D0611CC7D64B8F0B6E97F /* PBXTargetDependency */ = {
			isa = PBXTargetDependency;
			target = CBC99C8B55E710E33067D76D /* SoccerSub */;
			targetProxy = 124A091611D2558962FA6908 /* PBXContainerItemProxy */;
		};
/* End PBXTargetDependency section */

/* Begin XCBuildConfiguration section */
		317D4F472DBE7E2B00F93FC9 /* Debug */ = {
			isa = XCBuildConfiguration;
			buildSettings = {
				BUNDLE_LOADER = "$(TEST_HOST)";
				GENERATE_INFOPLIST_FILE = YES;
				IPHONEOS_DEPLOYMENT_TARGET = 17.0;
				LD_RUNPATH_SEARCH_PATHS = (
					"$(inherited)",
					"@executable_path/Frameworks",
					"@loader_path/Frameworks",
				);
				PRODUCT_BUNDLE_IDENTIFIER = com.soccermom.SoccerSubTests;
				SDKROOT = iphoneos;
				SWIFT_VERSION = 5;
				TARGETED_DEVICE_FAMILY = "1,2";
				TEST_HOST = "$(BUILT_PRODUCTS_DIR)/SoccerSub.app/SoccerSub";
			};
			name = Debug;
		};
		6169A3C410516211AAF92D12 /* Release */ = {
			isa = XCBuildConfiguration;
			buildSettings = {
				BUNDLE_LOADER = "$(TEST_HOST)";
				GENERATE_INFOPLIST_FILE = YES;
				IPHONEOS_DEPLOYMENT_TARGET = 17.0;
				LD_RUNPATH_SEARCH_PATHS = (
					"$(inherited)",
					"@executable_path/Frameworks",
					"@loader_path/Frameworks",
				);
				PRODUCT_BUNDLE_IDENTIFIER = com.soccermom.SoccerSubTests;
				SDKROOT = iphoneos;
				SWIFT_VERSION = 5;
				TARGETED_DEVICE_FAMILY = "1,2";
				TEST_HOST = "$(BUILT_PRODUCTS_DIR)/SoccerSub.app/SoccerSub";
			};
			name = Release;
		};
		AA87619D66BE6B499078D464 /* Debug */ = {
			isa = XCBuildConfiguration;
			buildSettings = {
				ALWAYS_SEARCH_USER_PATHS = NO;
				CLANG_ANALYZER_NONNULL = YES;
				CLANG_ANALYZER_NUMBER_OBJECT_CONVERSION = YES_AGGRESSIVE;
				CLANG_CXX_LANGUAGE_STANDARD = "gnu++14";
				CLANG_CXX_LIBRARY = "libc++";
				CLANG_ENABLE_MODULES = YES;
				CLANG_ENABLE_OBJC_ARC = YES;
				CLANG_ENABLE_OBJC_WEAK = YES;
				CLANG_WARN_BLOCK_CAPTURE_AUTORELEASING = YES;
				CLANG_WARN_BOOL_CONVERSION = YES;
				CLANG_WARN_COMMA = YES;
				CLANG_WARN_CONSTANT_CONVERSION = YES;
				CLANG_WARN_DEPRECATED_OBJC_IMPLEMENTATIONS = YES;
				CLANG_WARN_DIRECT_OBJC_ISA_USAGE = YES_ERROR;
				CLANG_WARN_DOCUMENTATION_COMMENTS = YES;
				CLANG_WARN_EMPTY_BODY = YES;
				CLANG_WARN_ENUM_CONVERSION = YES;
				CLANG_WARN_INFINITE_RECURSION = YES;
				CLANG_WARN_INT_CONVERSION = YES;
				CLANG_WARN_NON_LITERAL_NULL_CONVERSION = YES;
				CLANG_WARN_OBJC_IMPLICIT_RETAIN_SELF = YES;
				CLANG_WARN_OBJC_LITERAL_CONVERSION = YES;
				CLANG_WARN_OBJC_ROOT_CLASS = YES_ERROR;
				CLANG_WARN_QUOTED_INCLUDE_IN_FRAMEWORK_HEADER = YES;
				CLANG_WARN_RANGE_LOOP_ANALYSIS = YES;
				CLANG_WARN_STRICT_PROTOTYPES = YES;
				CLANG_WARN_SUSPICIOUS_MOVE = YES;
				CLANG_WARN_UNGUARDED_AVAILABILITY = YES_AGGRESSIVE;
				CLANG_WARN_UNREACHABLE_CODE = YES;
				CLANG_WARN__DUPLICATE_METHOD_MATCH = YES;
				COPY_PHASE_STRIP = NO;
				DEBUG_INFORMATION_FORMAT = dwarf;
				ENABLE_STRICT_OBJC_MSGSEND = YES;
				ENABLE_TESTABILITY = YES;
				GCC_C_LANGUAGE_STANDARD = gnu11;
				GCC_DYNAMIC_NO_PIC = NO;
				GCC_NO_COMMON_BLOCKS = YES;
				GCC_OPTIMIZATION_LEVEL = 0;
				GCC_PREPROCESSOR_DEFINITIONS = (
					"$(inherited)",
					"DEBUG=1",
				);
				GCC_WARN_64_TO_32_BIT_CONVERSION = YES;
				GCC_WARN_ABOUT_RETURN_TYPE = YES_ERROR;
				GCC_WARN_UNDECLARED_SELECTOR = YES;
				GCC_WARN_UNINITIALIZED_AUTOS = YES_AGGRESSIVE;
				GCC_WARN_UNUSED_FUNCTION = YES;
				GCC_WARN_UNUSED_VARIABLE = YES;
				IPHONEOS_DEPLOYMENT_TARGET = 17.0;
				MTL_ENABLE_DEBUG_INFO = INCLUDE_SOURCE;
				MTL_FAST_MATH = YES;
				ONLY_ACTIVE_ARCH = YES;
				PRODUCT_NAME = "$(TARGET_NAME)";
				SDKROOT = iphoneos;
				SWIFT_ACTIVE_COMPILATION_CONDITIONS = DEBUG;
				SWIFT_OPTIMIZATION_LEVEL = "-Onone";
				SWIFT_VERSION = 5.0;
			};
			name = Debug;
		};
		BDA967FCCBFAAB3C3161BB3C /* Release */ = {
			isa = XCBuildConfiguration;
			buildSettings = {
				ALWAYS_SEARCH_USER_PATHS = NO;
				CLANG_ANALYZER_NONNULL = YES;
				CLANG_ANALYZER_NUMBER_OBJECT_CONVERSION = YES_AGGRESSIVE;
				CLANG_CXX_LANGUAGE_STANDARD = "gnu++14";
				CLANG_CXX_LIBRARY = "libc++";
				CLANG_ENABLE_MODULES = YES;
				CLANG_ENABLE_OBJC_ARC = YES;
				CLANG_ENABLE_OBJC_WEAK = YES;
				CLANG_WARN_BLOCK_CAPTURE_AUTORELEASING = YES;
				CLANG_WARN_BOOL_CONVERSION = YES;
				CLANG_WARN_COMMA = YES;
				CLANG_WARN_CONSTANT_CONVERSION = YES;
				CLANG_WARN_DEPRECATED_OBJC_IMPLEMENTATIONS = YES;
				CLANG_WARN_DIRECT_OBJC_ISA_USAGE = YES_ERROR;
				CLANG_WARN_DOCUMENTATION_COMMENTS = YES;
				CLANG_WARN_EMPTY_BODY = YES;
				CLANG_WARN_ENUM_CONVERSION = YES;
				CLANG_WARN_INFINITE_RECURSION = YES;
				CLANG_WARN_INT_CONVERSION = YES;
				CLANG_WARN_NON_LITERAL_NULL_CONVERSION = YES;
				CLANG_WARN_OBJC_IMPLICIT_RETAIN_SELF = YES;
				CLANG_WARN_OBJC_LITERAL_CONVERSION = YES;
				CLANG_WARN_OBJC_ROOT_CLASS = YES_ERROR;
				CLANG_WARN_QUOTED_INCLUDE_IN_FRAMEWORK_HEADER = YES;
				CLANG_WARN_RANGE_LOOP_ANALYSIS = YES;
				CLANG_WARN_STRICT_PROTOTYPES = YES;
				CLANG_WARN_SUSPICIOUS_MOVE = YES;
				CLANG_WARN_UNGUARDED_AVAILABILITY = YES_AGGRESSIVE;
				CLANG_WARN_UNREACHABLE_CODE = YES;
				CLANG_WARN__DUPLICATE_METHOD_MATCH = YES;
				COPY_PHASE_STRIP = NO;
				DEBUG_INFORMATION_FORMAT = "dwarf-with-dsym";
				ENABLE_NS_ASSERTIONS = NO;
				ENABLE_STRICT_OBJC_MSGSEND = YES;
				GCC_C_LANGUAGE_STANDARD = gnu11;
				GCC_NO_COMMON_BLOCKS = YES;
				GCC_WARN_64_TO_32_BIT_CONVERSION = YES;
				GCC_WARN_ABOUT_RETURN_TYPE = YES_ERROR;
				GCC_WARN_UNDECLARED_SELECTOR = YES;
				GCC_WARN_UNINITIALIZED_AUTOS = YES_AGGRESSIVE;
				GCC_WARN_UNUSED_FUNCTION = YES;
				GCC_WARN_UNUSED_VARIABLE = YES;
				IPHONEOS_DEPLOYMENT_TARGET = 17.0;
				MTL_ENABLE_DEBUG_INFO = NO;
				MTL_FAST_MATH = YES;
				PRODUCT_NAME = "$(TARGET_NAME)";
				SDKROOT = iphoneos;
				SWIFT_COMPILATION_MODE = wholemodule;
				SWIFT_OPTIMIZATION_LEVEL = "-O";
				SWIFT_VERSION = 5.0;
			};
			name = Release;
		};
		CC33D2C89ABD30D3DDF4AF05 /* Debug */ = {
			isa = XCBuildConfiguration;
			buildSettings = {
				ASSETCATALOG_COMPILER_APPICON_NAME = AppIcon;
				CODE_SIGN_IDENTITY = "iPhone Developer";
				GENERATE_INFOPLIST_FILE = YES;
				INFOPLIST_KEY_CFBundleDisplayName = SoccerSub;
				INFOPLIST_KEY_UIApplicationSceneManifest_Generation = YES;
				INFOPLIST_KEY_UILaunchScreen_Generation = YES;
				IPHONEOS_DEPLOYMENT_TARGET = 17.0;
				LD_RUNPATH_SEARCH_PATHS = (
					"$(inherited)",
					"@executable_path/Frameworks",
				);
				PRODUCT_BUNDLE_IDENTIFIER = com.soccermom.SoccerSub;
				SDKROOT = iphoneos;
				SWIFT_VERSION = 5;
				TARGETED_DEVICE_FAMILY = "1,2";
			};
			name = Debug;
		};
		D8F3F2BB17CEA77130CF4C37 /* Release */ = {
			isa = XCBuildConfiguration;
			buildSettings = {
				ASSETCATALOG_COMPILER_APPICON_NAME = AppIcon;
				CODE_SIGN_IDENTITY = "iPhone Developer";
				GENERATE_INFOPLIST_FILE = YES;
				INFOPLIST_KEY_CFBundleDisplayName = SoccerSub;
				INFOPLIST_KEY_UIApplicationSceneManifest_Generation = YES;
				INFOPLIST_KEY_UILaunchScreen_Generation = YES;
				IPHONEOS_DEPLOYMENT_TARGET = 17.0;
				LD_RUNPATH_SEARCH_PATHS = (
					"$(inherited)",
					"@executable_path/Frameworks",
				);
				PRODUCT_BUNDLE_IDENTIFIER = com.soccermom.SoccerSub;
				SDKROOT = iphoneos;
				SWIFT_VERSION = 5;
				TARGETED_DEVICE_FAMILY = "1,2";
			};
			name = Release;
		};
/* End XCBuildConfiguration section */

/* Begin XCConfigurationList section */
		04A749D6455F283A3E65EFC8 /* Build configuration list for PBXNativeTarget "SoccerSubTests" */ = {
			isa = XCConfigurationList;
			buildConfigurations = (
				317D4F472DBE7E2B00F93FC9 /* Debug */,
				6169A3C410516211AAF92D12 /* Release */,
			);
			defaultConfigurationIsVisible = 0;
			defaultConfigurationName = Debug;
		};
		5D1BED8E5566D4DA1B09F5B7 /* Build configuration list for PBXNativeTarget "SoccerSub" */ = {
			isa = XCConfigurationList;
			buildConfigurations = (
				CC33D2C89ABD30D3DDF4AF05 /* Debug */,
				D8F3F2BB17CEA77130CF4C37 /* Release */,
			);
			defaultConfigurationIsVisible = 0;
			defaultConfigurationName = Debug;
		};
		7EF3FA7901219C034F852CD5 /* Build configuration list for PBXProject "SoccerSub" */ = {
			isa = XCConfigurationList;
			buildConfigurations = (
				AA87619D66BE6B499078D464 /* Debug */,
				BDA967FCCBFAAB3C3161BB3C /* Release */,
			);
			defaultConfigurationIsVisible = 0;
			defaultConfigurationName = Debug;
		};
/* End XCConfigurationList section */
	};
	rootObject = FFC3656E9486FB68ECA1476A /* Project object */;
}
